
Microsoft Visual Studio Solution File, Format Version 12.00
# Visual Studio Version 16
VisualStudioVersion = 16.0.33529.622
MinimumVisualStudioVersion = 10.0.40219.1
Project("{FAE04EC0-301F-11D3-BF4B-00C04F79EFBC}") = "MvcDataViews", "MvcDataViews\MvcDataViews.csproj", "{10988D2C-322B-4583-833E-1D08D493B1C7}"
EndProject
Global
	GlobalSection(SolutionConfigurationPlatforms) = preSolution
		Debug|Any CPU = Debug|Any CPU
		Release|Any CPU = Release|Any CPU
	EndGlobalSection
	GlobalSection(ProjectConfigurationPlatforms) = postSolution
		{10988D2C-322B-4583-833E-1D08D493B1C7}.Debug|Any CPU.ActiveCfg = Debug|Any CPU
		{10988D2C-322B-4583-833E-1D08D493B1C7}.Debug|Any CPU.Build.0 = Debug|Any CPU
		{10988D2C-322B-4583-833E-1D08D493B1C7}.Release|Any CPU.ActiveCfg = Release|Any CPU
		{10988D2C-322B-4583-833E-1D08D493B1C7}.Release|Any CPU.Build.0 = Release|Any CPU
	EndGlobalSection
	GlobalSection(SolutionProperties) = preSolution
		HideSolutionNode = FALSE
	EndGlobalSection
	GlobalSection(ExtensibilityGlobals) = postSolution
		SolutionGuid = {23184580-6F17-46F9-A2A5-9C7807624B8C}
	EndGlobalSection
EndGlobal
